// !$*UTF8*$!
{
	archiveVersion = 1;
	classes = {
	};
	objectVersion = 77;
	objects = {

/* Begin PBXContainerItemProxy section */
		AAF3D07629EE6A1C00AF8774 /* PBXContainerItemProxy */ = {
			isa = PBXContainerItemProxy;
			containerPortal = AAF3D05B29EE6A1B00AF8774 /* Project object */;
			proxyType = 1;
			remoteGlobalIDString = AAF3D06229EE6A1B00AF8774;
			remoteInfo = "Pixel Pursuit";
		};
		AAF3D08029EE6A1C00AF8774 /* PBXContainerItemProxy */ = {
			isa = PBXContainerItemProxy;
			containerPortal = AAF3D05B29EE6A1B00AF8774 /* Project object */;
			proxyType = 1;
			remoteGlobalIDString = AAF3D06229EE6A1B00AF8774;
			remoteInfo = "Pixel Pursuit";
		};
/* End PBXContainerItemProxy section */

/* Begin PBXFileReference section */
		AA0000012B0000000000A006 /* Reality Composer Projects */ = {isa = PBXFileReference; lastKnownFileType = folder; path = "Reality Composer Projects"; sourceTree = "<group>"; };
		AA0000012B0000000000A007 /* README.md */ = {isa = PBXFileReference; lastKnownFileType = net.daringfireball.markdown; path = README.md; sourceTree = "<group>"; };
		AAF3D06329EE6A1B00AF8774 /* Pixel Pursuit.app */ = {isa = PBXFileReference; explicitFileType = wrapper.application; includeInIndex = 0; path = "Pixel Pursuit.app"; sourceTree = BUILT_PRODUCTS_DIR; };
		AAF3D07529EE6A1C00AF8774 /* Pixel PursuitTests.xctest */ = {isa = PBXFileReference; explicitFileType = wrapper.cfbundle; includeInIndex = 0; path = "Pixel PursuitTests.xctest"; sourceTree = BUILT_PRODUCTS_DIR; };
		AAF3D07F29EE6A1C00AF8774 /* Pixel PursuitUITests.xctest */ = {isa = PBXFileReference; explicitFileType = wrapper.cfbundle; includeInIndex = 0; path = "Pixel PursuitUITests.xctest"; sourceTree = BUILT_PRODUCTS_DIR; };
		AAF3D0A329EE6F2400AF8774 /* Pixel-Pursuit-Info.plist */ = {isa = PBXFileReference; lastKnownFileType = text.plist; path = "Pixel-Pursuit-Info.plist"; sourceTree = SOURCE_ROOT; };
/* End PBXFileReference section */

/* Begin PBXFileSystemSynchronizedRootGroup section */
		AA0000012B0000000000A001 /* Pixel Pursuit */ = {
			isa = PBXFileSystemSynchronizedRootGroup;
			path = "Pixel Pursuit";
			sourceTree = "<group>";
		};
		AA0000012B0000000000A003 /* Pixel PursuitTests */ = {
			isa = PBXFileSystemSynchronizedRootGroup;
			path = "Pixel PursuitTests";
			sourceTree = "<group>";
		};
		AA0000012B0000000000A004 /* Pixel PursuitUITests */ = {
			isa = PBXFileSystemSynchronizedRootGroup;
			path = "Pixel PursuitUITests";
			sourceTree = "<group>";
		};
/* End PBXFileSystemSynchronizedRootGroup section */

/* Begin PBXFrameworksBuildPhase section */
		AAF3D06029EE6A1B00AF8774 /* Frameworks */ = {
			isa = PBXFrameworksBuildPhase;
			buildActionMask = 2147483647;
			files = (
			);
			runOnlyForDeploymentPostprocessing = 0;
		};
		AAF3D07229EE6A1C00AF8774 /* Frameworks */ = {
			isa = PBXFrameworksBuildPhase;
			buildActionMask = 2147483647;
			files = (
			);
			runOnlyForDeploymentPostprocessing = 0;
		};
		AAF3D07C29EE6A1C00AF8774 /* Frameworks */ = {
			isa = PBXFrameworksBuildPhase;
			buildActionMask = 2147483647;
			files = (
			);
			runOnlyForDeploymentPostprocessing = 0;
		};
/* End PBXFrameworksBuildPhase section */

/* Begin PBXGroup section */
		AAF3D05A29EE6A1B00AF8774 = {
			isa = PBXGroup;
			children = (
				AA0000012B0000000000A001 /* Pixel Pursuit */,
				AA0000012B0000000000A003 /* Pixel PursuitTests */,
				AA0000012B0000000000A004 /* Pixel PursuitUITests */,
				AAF3D0A329EE6F2400AF8774 /* Pixel-Pursuit-Info.plist */,
				AA0000012B0000000000A006 /* Reality Composer Projects */,
				AA0000012B0000000000A007 /* README.md */,
				AAF3D06429EE6A1B00AF8774 /* Products */,
			);
			sourceTree = "<group>";
		};
		AAF3D06429EE6A1B00AF8774 /* Products */ = {
			isa = PBXGroup;
			children = (
				AAF3D06329EE6A1B00AF8774 /* Pixel Pursuit.app */,
				AAF3D07529EE6A1C00AF8774 /* Pixel PursuitTests.xctest */,
				AAF3D07F29EE6A1C00AF8774 /* Pixel PursuitUITests.xctest */,
			);
			name = Products;
			sourceTree = "<group>";
		};
/* End PBXGroup section */

/* Begin PBXNativeTarget section */
		AAF3D06229EE6A1B00AF8774 /* Pixel Pursuit */ = {
			isa = PBXNativeTarget;
			buildConfigurationList = AAF3D08929EE6A1C00AF8774 /* Build configuration list for PBXNativeTarget "Pixel Pursuit" */;
			buildPhases = (
				AAF3D05F29EE6A1B00AF8774 /* Sources */,
				AAF3D06029EE6A1B00AF8774 /* Frameworks */,
				AAF3D06129EE6A1B00AF8774 /* Resources */,
			);
			buildRules = (
			);
			dependencies = (
			);
			fileSystemSynchronizedGroups = (
				AA0000012B0000000000A001 /* Pixel Pursuit */,
			);
			name = "Pixel Pursuit";
			packageProductDependencies = (
			);
			productName = "Pixel Pursuit";
			productReference = AAF3D06329EE6A1B00AF8774 /* Pixel Pursuit.app */;
			productType = "com.apple.product-type.application";
		};
		AAF3D07429EE6A1C00AF8774 /* Pixel PursuitTests */ = {
			isa = PBXNativeTarget;
			buildConfigurationList = AAF3D08C29EE6A1C00AF8774 /* Build configuration list for PBXNativeTarget "Pixel PursuitTests" */;
			buildPhases = (
				AAF3D07129EE6A1C00AF8774 /* Sources */,
				AAF3D07229EE6A1C00AF8774 /* Frameworks */,
				AAF3D07329EE6A1C00AF8774 /* Resources */,
			);
			buildRules = (
			);
			dependencies = (
				AAF3D07729EE6A1C00AF8774 /* PBXTargetDependency */,
			);
			fileSystemSynchronizedGroups = (
				AA0000012B0000000000A003 /* Pixel PursuitTests */,
			);
			name = "Pixel PursuitTests";
			packageProductDependencies = (
			);
			productName = "Pixel PursuitTests";
			productReference = AAF3D07529EE6A1C00AF8774 /* Pixel PursuitTests.xctest */;
			productType = "com.apple.product-type.bundle.unit-test";
		};
		AAF3D07E29EE6A1C00AF8774 /* Pixel PursuitUITests */ = {
			isa = PBXNativeTarget;
			buildConfigurationList = AAF3D08F29EE6A1C00AF8774 /* Build configuration list for PBXNativeTarget "Pixel PursuitUITests" */;
			buildPhases = (
				AAF3D07B29EE6A1C00AF8774 /* Sources */,
				AAF3D07C29EE6A1C00AF8774 /* Frameworks */,
				AAF3D07D29EE6A1C00AF8774 /* Resources */,
			);
			buildRules = (
			);
			dependencies = (
				AAF3D08129EE6A1C00AF8774 /* PBXTargetDependency */,
			);
			fileSystemSynchronizedGroups = (
				AA0000012B0000000000A004 /* Pixel PursuitUITests */,
			);
			name = "Pixel PursuitUITests";
			packageProductDependencies = (
			);
			productName = "Pixel PursuitUITests";
			productReference = AAF3D07F29EE6A1C00AF8774 /* Pixel PursuitUITests.xctest */;
			productType = "com.apple.product-type.bundle.ui-testing";
		};
/* End PBXNativeTarget section */

/* Begin PBXProject section */
		AAF3D05B29EE6A1B00AF8774 /* Project object */ = {
			isa = PBXProject;
			attributes = {
				BuildIndependentTargetsInParallel = 1;
				LastSwiftUpdateCheck = 2700;
				LastUpgradeCheck = 2700;
				TargetAttributes = {
					AAF3D06229EE6A1B00AF8774 = {
						CreatedOnToolsVersion = 14.3;
					};
					AAF3D07429EE6A1C00AF8774 = {
						CreatedOnToolsVersion = 14.3;
						TestTargetID = AAF3D06229EE6A1B00AF8774;
					};
					AAF3D07E29EE6A1C00AF8774 = {
						CreatedOnToolsVersion = 14.3;
						TestTargetID = AAF3D06229EE6A1B00AF8774;
					};
				};
			};
			buildConfigurationList = AAF3D05E29EE6A1B00AF8774 /* Build configuration list for PBXProject "Pixel Pursuit" */;
			developmentRegion = en;
			hasScannedForEncodings = 0;
			knownRegions = (
				en,
				Base,
			);
			mainGroup = AAF3D05A29EE6A1B00AF8774;
			minimizedProjectReferenceProxies = 1;
			preferredProjectObjectVersion = 77;
			productRefGroup = AAF3D06429EE6A1B00AF8774 /* Products */;
			projectDirPath = "";
			projectRoot = "";
			targets = (
				AAF3D06229EE6A1B00AF8774 /* Pixel Pursuit */,
				AAF3D07429EE6A1C00AF8774 /* Pixel PursuitTests */,
				AAF3D07E29EE6A1C00AF8774 /* Pixel PursuitUITests */,
			);
		};
/* End PBXProject section */

/* Begin PBXResourcesBuildPhase section */
		AAF3D06129EE6A1B00AF8774 /* Resources */ = {
			isa = PBXResourcesBuildPhase;
			buildActionMask = 2147483647;
			files = (
			);
			runOnlyForDeploymentPostprocessing = 0;
		};
		AAF3D07329EE6A1C00AF8774 /* Resources */ = {
			isa = PBXResourcesBuildPhase;
			buildActionMask = 2147483647;
			files = (
			);
			runOnlyForDeploymentPostprocessing = 0;
		};
		AAF3D07D29EE6A1C00AF8774 /* Resources */ = {
			isa = PBXResourcesBuildPhase;
			buildActionMask = 2147483647;
			files = (
			);
			runOnlyForDeploymentPostprocessing = 0;
		};
/* End PBXResourcesBuildPhase section */

/* Begin PBXSourcesBuildPhase section */
		AAF3D05F29EE6A1B00AF8774 /* Sources */ = {
			isa = PBXSourcesBuildPhase;
			buildActionMask = 2147483647;
			files = (
			);
			runOnlyForDeploymentPostprocessing = 0;
		};
		AAF3D07129EE6A1C00AF8774 /* Sources */ = {
			isa = PBXSourcesBuildPhase;
			buildActionMask = 2147483647;
			files = (
			);
			runOnlyForDeploymentPostprocessing = 0;
		};
		AAF3D07B29EE6A1C00AF8774 /* Sources */ = {
			isa = PBXSourcesBuildPhase;
			buildActionMask = 2147483647;
			files = (
			);
			runOnlyForDeploymentPostprocessing = 0;
		};
/* End PBXSourcesBuildPhase section */

/* Begin PBXTargetDependency section */
		AAF3D07729EE6A1C00AF8774 /* PBXTargetDependency */ = {
			isa = PBXTargetDependency;
			target = AAF3D06229EE6A1B00AF8774 /* Pixel Pursuit */;
			targetProxy = AAF3D07629EE6A1C00AF8774 /* PBXContainerItemProxy */;
		};
		AAF3D08129EE6A1C00AF8774 /* PBXTargetDependency */ = {
			isa = PBXTargetDependency;
			target = AAF3D06229EE6A1B00AF8774 /* Pixel Pursuit */;
			targetProxy = AAF3D08029EE6A1C00AF8774 /* PBXContainerItemProxy */;
		};
/* End PBXTargetDependency section */

/* Begin XCBuildConfiguration section */
		AAF3D08729EE6A1C00AF8774 /* Debug */ = {
			isa = XCBuildConfiguration;
			buildSettings = {
				ALWAYS_SEARCH_USER_PATHS = NO;
				ASSETCATALOG_COMPILER_GENERATE_SWIFT_ASSET_SYMBOL_EXTENSIONS = YES;
				CLANG_ANALYZER_NONNULL = YES;
				CLANG_ANALYZER_NUMBER_OBJECT_CONVERSION = YES_AGGRESSIVE;
				CLANG_CXX_LANGUAGE_STANDARD = "gnu++20";
				CLANG_ENABLE_MODULES = YES;
				CLANG_ENABLE_OBJC_ARC = YES;
				CLANG_ENABLE_OBJC_WEAK = YES;
				CLANG_WARN_BLOCK_CAPTURE_AUTORELEASING = YES;
				CLANG_WARN_BOOL_CONVERSION = YES;
				CLANG_WARN_COMMA = YES;
				CLANG_WARN_CONSTANT_CONVERSION = YES;
				CLANG_WARN_DEPRECATED_OBJC_IMPLEMENTATIONS = YES;
				CLANG_WARN_DIRECT_OBJC_ISA_USAGE = YES_ERROR;
				CLANG_WARN_DOCUMENTATION_COMMENTS = YES;
				CLANG_WARN_EMPTY_BODY = YES;
				CLANG_WARN_ENUM_CONVERSION = YES;
				CLANG_WARN_INFINITE_RECURSION = YES;
				CLANG_WARN_INT_CONVERSION = YES;
				CLANG_WARN_NON_LITERAL_NULL_CONVERSION = YES;
				CLANG_WARN_OBJC_IMPLICIT_RETAIN_SELF = YES;
				CLANG_WARN_OBJC_LITERAL_CONVERSION = YES;
				CLANG_WARN_OBJC_ROOT_CLASS = YES_ERROR;
				CLANG_WARN_QUOTED_INCLUDE_IN_FRAMEWORK_HEADER = YES;
				CLANG_WARN_RANGE_LOOP_ANALYSIS = YES;
				CLANG_WARN_STRICT_PROTOTYPES = YES;
				CLANG_WARN_SUSPICIOUS_MOVE = YES;
				CLANG_WARN_UNGUARDED_AVAILABILITY = YES_AGGRESSIVE;
				CLANG_WARN_UNREACHABLE_CODE = YES;
				CLANG_WARN__DUPLICATE_METHOD_MATCH = YES;
				COPY_PHASE_STRIP = NO;
				DEAD_CODE_STRIPPING = YES;
				DEBUG_INFORMATION_FORMAT = dwarf;
				ENABLE_STRICT_OBJC_MSGSEND = YES;
				ENABLE_TESTABILITY = YES;
				ENABLE_USER_SCRIPT_SANDBOXING = YES;
				GCC_C_LANGUAGE_STANDARD = gnu17;
				GCC_DYNAMIC_NO_PIC = NO;
				GCC_NO_COMMON_BLOCKS = YES;
				GCC_OPTIMIZATION_LEVEL = 0;
				GCC_PREPROCESSOR_DEFINITIONS = (
					"DEBUG=1",
					"$(inherited)",
				);
				GCC_WARN_64_TO_32_BIT_CONVERSION = YES;
				GCC_WARN_ABOUT_RETURN_TYPE = YES_ERROR;
				GCC_WARN_UNDECLARED_SELECTOR = YES;
				GCC_WARN_UNINITIALIZED_AUTOS = YES_AGGRESSIVE;
				GCC_WARN_UNUSED_FUNCTION = YES;
				GCC_WARN_UNUSED_VARIABLE = YES;
				IPHONEOS_DEPLOYMENT_TARGET = 26.0;
				LOCALIZATION_PREFERS_STRING_CATALOGS = YES;
				MTL_ENABLE_DEBUG_INFO = INCLUDE_SOURCE;
				MTL_FAST_MATH = YES;
				ONLY_ACTIVE_ARCH = YES;
				SDKROOT = iphoneos;
				STRING_CATALOG_GENERATE_SYMBOLS = YES;
				SWIFT_ACTIVE_COMPILATION_CONDITIONS = "DEBUG $(inherited)";
				SWIFT_APPROACHABLE_CONCURRENCY = YES;
				SWIFT_OPTIMIZATION_LEVEL = "-Onone";
				SWIFT_STRICT_CONCURRENCY = complete;
				SWIFT_UPCOMING_FEATURE_MEMBER_IMPORT_VISIBILITY = YES;
				SWIFT_VERSION = 6.0;
			};
			name = Debug;
		};
		AAF3D08829EE6A1C00AF8774 /* Release */ = {
			isa = XCBuildConfiguration;
			buildSettings = {
				ALWAYS_SEARCH_USER_PATHS = NO;
				ASSETCATALOG_COMPILER_GENERATE_SWIFT_ASSET_SYMBOL_EXTENSIONS = YES;
				CLANG_ANALYZER_NONNULL = YES;
				CLANG_ANALYZER_NUMBER_OBJECT_CONVERSION = YES_AGGRESSIVE;
				CLANG_CXX_LANGUAGE_STANDARD = "gnu++20";
				CLANG_ENABLE_MODULES = YES;
				CLANG_ENABLE_OBJC_ARC = YES;
				CLANG_ENABLE_OBJC_WEAK = YES;
				CLANG_WARN_BLOCK_CAPTURE_AUTORELEASING = YES;
				CLANG_WARN_BOOL_CONVERSION = YES;
				CLANG_WARN_COMMA = YES;
				CLANG_WARN_CONSTANT_CONVERSION = YES;
				CLANG_WARN_DEPRECATED_OBJC_IMPLEMENTATIONS = YES;
				CLANG_WARN_DIRECT_OBJC_ISA_USAGE = YES_ERROR;
				CLANG_WARN_DOCUMENTATION_COMMENTS = YES;
				CLANG_WARN_EMPTY_BODY = YES;
				CLANG_WARN_ENUM_CONVERSION = YES;
				CLANG_WARN_INFINITE_RECURSION = YES;
				CLANG_WARN_INT_CONVERSION = YES;
				CLANG_WARN_NON_LITERAL_NULL_CONVERSION = YES;
				CLANG_WARN_OBJC_IMPLICIT_RETAIN_SELF = YES;
				CLANG_WARN_OBJC_LITERAL_CONVERSION = YES;
				CLANG_WARN_OBJC_ROOT_CLASS = YES_ERROR;
				CLANG_WARN_QUOTED_INCLUDE_IN_FRAMEWORK_HEADER = YES;
				CLANG_WARN_RANGE_LOOP_ANALYSIS = YES;
				CLANG_WARN_STRICT_PROTOTYPES = YES;
				CLANG_WARN_SUSPICIOUS_MOVE = YES;
				CLANG_WARN_UNGUARDED_AVAILABILITY = YES_AGGRESSIVE;
				CLANG_WARN_UNREACHABLE_CODE = YES;
				CLANG_WARN__DUPLICATE_METHOD_MATCH = YES;
				COPY_PHASE_STRIP = NO;
				DEAD_CODE_STRIPPING = YES;
				DEBUG_INFORMATION_FORMAT = "dwarf-with-dsym";
				ENABLE_NS_ASSERTIONS = NO;
				ENABLE_STRICT_OBJC_MSGSEND = YES;
				ENABLE_USER_SCRIPT_SANDBOXING = YES;
				GCC_C_LANGUAGE_STANDARD = gnu17;
				GCC_NO_COMMON_BLOCKS = YES;
				GCC_WARN_64_TO_32_BIT_CONVERSION = YES;
				GCC_WARN_ABOUT_RETURN_TYPE = YES_ERROR;
				GCC_WARN_UNDECLARED_SELECTOR = YES;
				GCC_WARN_UNINITIALIZED_AUTOS = YES_AGGRESSIVE;
				GCC_WARN_UNUSED_FUNCTION = YES;
				GCC_WARN_UNUSED_VARIABLE = YES;
				IPHONEOS_DEPLOYMENT_TARGET = 26.0;
				LOCALIZATION_PREFERS_STRING_CATALOGS = YES;
				MTL_ENABLE_DEBUG_INFO = NO;
				MTL_FAST_MATH = YES;
				SDKROOT = iphoneos;
				STRING_CATALOG_GENERATE_SYMBOLS = YES;
				SWIFT_APPROACHABLE_CONCURRENCY = YES;
				SWIFT_COMPILATION_MODE = wholemodule;
				SWIFT_OPTIMIZATION_LEVEL = "-O";
				SWIFT_STRICT_CONCURRENCY = complete;
				SWIFT_UPCOMING_FEATURE_MEMBER_IMPORT_VISIBILITY = YES;
				SWIFT_VERSION = 6.0;
				VALIDATE_PRODUCT = YES;
			};
			name = Release;
		};
		AAF3D08A29EE6A1C00AF8774 /* Debug */ = {
			isa = XCBuildConfiguration;
			buildSettings = {
				ASSETCATALOG_COMPILER_APPICON_NAME = AppIcon;
				ASSETCATALOG_COMPILER_GLOBAL_ACCENT_COLOR_NAME = AccentColor;
				CODE_SIGN_STYLE = Automatic;
				CURRENT_PROJECT_VERSION = 1;
				DEVELOPMENT_ASSET_PATHS = "\"Pixel Pursuit/Preview Content\"";
				DEVELOPMENT_TEAM = GUDZ7ALN9J;
				ENABLE_PREVIEWS = YES;
				GENERATE_INFOPLIST_FILE = YES;
				INFOPLIST_FILE = "Pixel-Pursuit-Info.plist";
				INFOPLIST_KEY_LSApplicationCategoryType = "public.app-category.games";
				INFOPLIST_KEY_NSCameraUsageDescription = "Your camera is required to play, since the game uses augmented reality to place content in the real world! ⭐️";
				INFOPLIST_KEY_UIApplicationSupportsIndirectInputEvents = YES;
				INFOPLIST_KEY_UILaunchScreen_Generation = YES;
				INFOPLIST_KEY_UIRequiredDeviceCapabilities = arkit;
				INFOPLIST_KEY_UIStatusBarHidden = YES;
				INFOPLIST_KEY_UIStatusBarStyle = UIStatusBarStyleDefault;
				INFOPLIST_KEY_UISupportedInterfaceOrientations = "UIInterfaceOrientationPortrait UIInterfaceOrientationPortraitUpsideDown UIInterfaceOrientationLandscapeLeft UIInterfaceOrientationLandscapeRight";
				INFOPLIST_KEY_UISupportedInterfaceOrientations_iPad = "UIInterfaceOrientationPortrait UIInterfaceOrientationPortraitUpsideDown UIInterfaceOrientationLandscapeLeft UIInterfaceOrientationLandscapeRight";
				INFOPLIST_KEY_UIUserInterfaceStyle = Dark;
				IPHONEOS_DEPLOYMENT_TARGET = 26.0;
				LD_RUNPATH_SEARCH_PATHS = (
					"$(inherited)",
					"@executable_path/Frameworks",
				);
				MARKETING_VERSION = 1.0;
				PRODUCT_BUNDLE_IDENTIFIER = "Ethan-Marshall.Pixel-Pursuit";
				PRODUCT_NAME = "$(TARGET_NAME)";
				SUPPORTED_PLATFORMS = "iphoneos iphonesimulator";
				SUPPORTS_MACCATALYST = NO;
				SUPPORTS_MAC_DESIGNED_FOR_IPHONE_IPAD = NO;
				SUPPORTS_XR_DESIGNED_FOR_IPHONE_IPAD = NO;
				SWIFT_DEFAULT_ACTOR_ISOLATION = MainActor;
				SWIFT_EMIT_LOC_STRINGS = YES;
				SWIFT_VERSION = 6.0;
				TARGETED_DEVICE_FAMILY = 2;
			};
			name = Debug;
		};
		AAF3D08B29EE6A1C00AF8774 /* Release */ = {
			isa = XCBuildConfiguration;
			buildSettings = {
				ASSETCATALOG_COMPILER_APPICON_NAME = AppIcon;
				ASSETCATALOG_COMPILER_GLOBAL_ACCENT_COLOR_NAME = AccentColor;
				CODE_SIGN_STYLE = Automatic;
				CURRENT_PROJECT_VERSION = 1;
				DEVELOPMENT_ASSET_PATHS = "\"Pixel Pursuit/Preview Content\"";
				DEVELOPMENT_TEAM = GUDZ7ALN9J;
				ENABLE_PREVIEWS = YES;
				GENERATE_INFOPLIST_FILE = YES;
				INFOPLIST_FILE = "Pixel-Pursuit-Info.plist";
				INFOPLIST_KEY_LSApplicationCategoryType = "public.app-category.games";
				INFOPLIST_KEY_NSCameraUsageDescription = "Your camera is required to play, since the game uses augmented reality to place content in the real world! ⭐️";
				INFOPLIST_KEY_UIApplicationSupportsIndirectInputEvents = YES;
				INFOPLIST_KEY_UILaunchScreen_Generation = YES;
				INFOPLIST_KEY_UIRequiredDeviceCapabilities = arkit;
				INFOPLIST_KEY_UIStatusBarHidden = YES;
				INFOPLIST_KEY_UIStatusBarStyle = UIStatusBarStyleDefault;
				INFOPLIST_KEY_UISupportedInterfaceOrientations = "UIInterfaceOrientationPortrait UIInterfaceOrientationPortraitUpsideDown UIInterfaceOrientationLandscapeLeft UIInterfaceOrientationLandscapeRight";
				INFOPLIST_KEY_UISupportedInterfaceOrientations_iPad = "UIInterfaceOrientationPortrait UIInterfaceOrientationPortraitUpsideDown UIInterfaceOrientationLandscapeLeft UIInterfaceOrientationLandscapeRight";
				INFOPLIST_KEY_UIUserInterfaceStyle = Dark;
				IPHONEOS_DEPLOYMENT_TARGET = 26.0;
				LD_RUNPATH_SEARCH_PATHS = (
					"$(inherited)",
					"@executable_path/Frameworks",
				);
				MARKETING_VERSION = 1.0;
				PRODUCT_BUNDLE_IDENTIFIER = "Ethan-Marshall.Pixel-Pursuit";
				PRODUCT_NAME = "$(TARGET_NAME)";
				SUPPORTED_PLATFORMS = "iphoneos iphonesimulator";
				SUPPORTS_MACCATALYST = NO;
				SUPPORTS_MAC_DESIGNED_FOR_IPHONE_IPAD = NO;
				SUPPORTS_XR_DESIGNED_FOR_IPHONE_IPAD = NO;
				SWIFT_DEFAULT_ACTOR_ISOLATION = MainActor;
				SWIFT_EMIT_LOC_STRINGS = YES;
				SWIFT_VERSION = 6.0;
				TARGETED_DEVICE_FAMILY = 2;
			};
			name = Release;
		};
		AAF3D08D29EE6A1C00AF8774 /* Debug */ = {
			isa = XCBuildConfiguration;
			buildSettings = {
				BUNDLE_LOADER = "$(TEST_HOST)";
				CODE_SIGN_STYLE = Automatic;
				CURRENT_PROJECT_VERSION = 1;
				DEVELOPMENT_TEAM = GUDZ7ALN9J;
				GENERATE_INFOPLIST_FILE = YES;
				IPHONEOS_DEPLOYMENT_TARGET = 26.0;
				MARKETING_VERSION = 1.0;
				PRODUCT_BUNDLE_IDENTIFIER = "Ethan-Marshall.Pixel-PursuitTests";
				PRODUCT_NAME = "$(TARGET_NAME)";
				SWIFT_EMIT_LOC_STRINGS = NO;
				SWIFT_VERSION = 6.0;
				TARGETED_DEVICE_FAMILY = 2;
				TEST_HOST = "$(BUILT_PRODUCTS_DIR)/Pixel Pursuit.app/$(BUNDLE_EXECUTABLE_FOLDER_PATH)/Pixel Pursuit";
			};
			name = Debug;
		};
		AAF3D08E29EE6A1C00AF8774 /* Release */ = {
			isa = XCBuildConfiguration;
			buildSettings = {
				BUNDLE_LOADER = "$(TEST_HOST)";
				CODE_SIGN_STYLE = Automatic;
				CURRENT_PROJECT_VERSION = 1;
				DEVELOPMENT_TEAM = GUDZ7ALN9J;
				GENERATE_INFOPLIST_FILE = YES;
				IPHONEOS_DEPLOYMENT_TARGET = 26.0;
				MARKETING_VERSION = 1.0;
				PRODUCT_BUNDLE_IDENTIFIER = "Ethan-Marshall.Pixel-PursuitTests";
				PRODUCT_NAME = "$(TARGET_NAME)";
				SWIFT_EMIT_LOC_STRINGS = NO;
				SWIFT_VERSION = 6.0;
				TARGETED_DEVICE_FAMILY = 2;
				TEST_HOST = "$(BUILT_PRODUCTS_DIR)/Pixel Pursuit.app/$(BUNDLE_EXECUTABLE_FOLDER_PATH)/Pixel Pursuit";
			};
			name = Release;
		};
		AAF3D09029EE6A1C00AF8774 /* Debug */ = {
			isa = XCBuildConfiguration;
			buildSettings = {
				CODE_SIGN_STYLE = Automatic;
				CURRENT_PROJECT_VERSION = 1;
				DEVELOPMENT_TEAM = GUDZ7ALN9J;
				GENERATE_INFOPLIST_FILE = YES;
				IPHONEOS_DEPLOYMENT_TARGET = 26.0;
				MARKETING_VERSION = 1.0;
				PRODUCT_BUNDLE_IDENTIFIER = "Ethan-Marshall.Pixel-PursuitUITests";
				PRODUCT_NAME = "$(TARGET_NAME)";
				SWIFT_EMIT_LOC_STRINGS = NO;
				SWIFT_VERSION = 6.0;
				TARGETED_DEVICE_FAMILY = 2;
				TEST_TARGET_NAME = "Pixel Pursuit";
			};
			name = Debug;
		};
		AAF3D09129EE6A1C00AF8774 /* Release */ = {
			isa = XCBuildConfiguration;
			buildSettings = {
				CODE_SIGN_STYLE = Automatic;
				CURRENT_PROJECT_VERSION = 1;
				DEVELOPMENT_TEAM = GUDZ7ALN9J;
				GENERATE_INFOPLIST_FILE = YES;
				IPHONEOS_DEPLOYMENT_TARGET = 26.0;
				MARKETING_VERSION = 1.0;
				PRODUCT_BUNDLE_IDENTIFIER = "Ethan-Marshall.Pixel-PursuitUITests";
				PRODUCT_NAME = "$(TARGET_NAME)";
				SWIFT_EMIT_LOC_STRINGS = NO;
				SWIFT_VERSION = 6.0;
				TARGETED_DEVICE_FAMILY = 2;
				TEST_TARGET_NAME = "Pixel Pursuit";
			};
			name = Release;
		};
/* End XCBuildConfiguration section */

/* Begin XCConfigurationList section */
		AAF3D05E29EE6A1B00AF8774 /* Build configuration list for PBXProject "Pixel Pursuit" */ = {
			isa = XCConfigurationList;
			buildConfigurations = (
				AAF3D08729EE6A1C00AF8774 /* Debug */,
				AAF3D08829EE6A1C00AF8774 /* Release */,
			);
			defaultConfigurationIsVisible = 0;
			defaultConfigurationName = Release;
		};
		AAF3D08929EE6A1C00AF8774 /* Build configuration list for PBXNativeTarget "Pixel Pursuit" */ = {
			isa = XCConfigurationList;
			buildConfigurations = (
				AAF3D08A29EE6A1C00AF8774 /* Debug */,
				AAF3D08B29EE6A1C00AF8774 /* Release */,
			);
			defaultConfigurationIsVisible = 0;
			defaultConfigurationName = Release;
		};
		AAF3D08C29EE6A1C00AF8774 /* Build configuration list for PBXNativeTarget "Pixel PursuitTests" */ = {
			isa = XCConfigurationList;
			buildConfigurations = (
				AAF3D08D29EE6A1C00AF8774 /* Debug */,
				AAF3D08E29EE6A1C00AF8774 /* Release */,
			);
			defaultConfigurationIsVisible = 0;
			defaultConfigurationName = Release;
		};
		AAF3D08F29EE6A1C00AF8774 /* Build configuration list for PBXNativeTarget "Pixel PursuitUITests" */ = {
			isa = XCConfigurationList;
			buildConfigurations = (
				AAF3D09029EE6A1C00AF8774 /* Debug */,
				AAF3D09129EE6A1C00AF8774 /* Release */,
			);
			defaultConfigurationIsVisible = 0;
			defaultConfigurationName = Release;
		};
/* End XCConfigurationList section */
	};
	rootObject = AAF3D05B29EE6A1B00AF8774 /* Project object */;
}
